
Microsoft Visual Studio Solution File, Format Version 12.00
# Visual Studio Version 17
VisualStudioVersion = 17.0.31903.59
MinimumVisualStudioVersion = 10.0.40219.1
Project("{2150E333-8FDC-42A3-9474-1A3956D46DE8}") = "src", "src", "{827E0CD3-B72D-47B6-A68D-7590B98EB39B}"
EndProject
Project("{FAE04EC0-301F-11D3-BF4B-00C04F79EFBC}") = "RaceTracker.Realtime.Domain", "src\RaceTracker.Realtime.Domain\RaceTracker.Realtime.Domain.csproj", "{ACF3B7B9-4902-46B4-9B98-5841C64AAD22}"
EndProject
Project("{FAE04EC0-301F-11D3-BF4B-00C04F79EFBC}") = "RaceTracker.Realtime.Application", "src\RaceTracker.Realtime.Application\RaceTracker.Realtime.Application.csproj", "{B4C87FBE-CED0-45CD-BFA1-4EB3295A781C}"
EndProject
Project("{FAE04EC0-301F-11D3-BF4B-00C04F79EFBC}") = "RaceTracker.Realtime.Infrastructure", "src\RaceTracker.Realtime.Infrastructure\RaceTracker.Realtime.Infrastructure.csproj", "{5A0EB1CF-8152-4D50-A432-769E5F1815F7}"
EndProject
Project("{FAE04EC0-301F-11D3-BF4B-00C04F79EFBC}") = "RaceTracker.Realtime.Api", "src\RaceTracker.Realtime.Api\RaceTracker.Realtime.Api.csproj", "{5A4A1FBD-E9E3-4618-A7FB-32DC9B204DC6}"
EndProject
Project("{FAE04EC0-301F-11D3-BF4B-00C04F79EFBC}") = "RaceTracker.Realtime.UnitTests", "tests\RaceTracker.Realtime.UnitTests\RaceTracker.Realtime.UnitTests.csproj", "{2B4DACFC-58AC-4633-91BC-EB735747AF4E}"
EndProject
Project("{FAE04EC0-301F-11D3-BF4B-00C04F79EFBC}") = "RaceTracker.Realtime.IntegrationTests", "tests\RaceTracker.Realtime.IntegrationTests\RaceTracker.Realtime.IntegrationTests.csproj", "{EBF970BB-30CE-4EDA-BD69-9740A8B9E53D}"
EndProject
Project("{FAE04EC0-301F-11D3-BF4B-00C04F79EFBC}") = "RaceTracker.BuildingBlocks", "..\building-blocks\src\RaceTracker.BuildingBlocks\RaceTracker.BuildingBlocks.csproj", "{C3EF4A55-8352-4927-9264-842DC7AFF1B8}"
EndProject
Global
	GlobalSection(SolutionConfigurationPlatforms) = preSolution
		Debug|Any CPU = Debug|Any CPU
		Debug|x64 = Debug|x64
		Debug|x86 = Debug|x86
		Release|Any CPU = Release|Any CPU
		Release|x64 = Release|x64
		Release|x86 = Release|x86
	EndGlobalSection
	GlobalSection(ProjectConfigurationPlatforms) = postSolution
		{ACF3B7B9-4902-46B4-9B98-5841C64AAD22}.Debug|Any CPU.ActiveCfg = Debug|Any CPU
		{ACF3B7B9-4902-46B4-9B98-5841C64AAD22}.Debug|Any CPU.Build.0 = Debug|Any CPU
		{ACF3B7B9-4902-46B4-9B98-5841C64AAD22}.Debug|x64.ActiveCfg = Debug|Any CPU
		{ACF3B7B9-4902-46B4-9B98-5841C64AAD22}.Debug|x64.Build.0 = Debug|Any CPU
		{ACF3B7B9-4902-46B4-9B98-5841C64AAD22}.Debug|x86.ActiveCfg = Debug|Any CPU
		{ACF3B7B9-4902-46B4-9B98-5841C64AAD22}.Debug|x86.Build.0 = Debug|Any CPU
		{ACF3B7B9-4902-46B4-9B98-5841C64AAD22}.Release|Any CPU.ActiveCfg = Release|Any CPU
		{ACF3B7B9-4902-46B4-9B98-5841C64AAD22}.Release|Any CPU.Build.0 = Release|Any CPU
		{ACF3B7B9-4902-46B4-9B98-5841C64AAD22}.Release|x64.ActiveCfg = Release|Any CPU
		{ACF3B7B9-4902-46B4-9B98-5841C64AAD22}.Release|x64.Build.0 = Release|Any CPU
		{ACF3B7B9-4902-46B4-9B98-5841C64AAD22}.Release|x86.ActiveCfg = Release|Any CPU
		{ACF3B7B9-4902-46B4-9B98-5841C64AAD22}.Release|x86.Build.0 = Release|Any CPU
		{B4C87FBE-CED0-45CD-BFA1-4EB3295A781C}.Debug|Any CPU.ActiveCfg = Debug|Any CPU
		{B4C87FBE-CED0-45CD-BFA1-4EB3295A781C}.Debug|Any CPU.Build.0 = Debug|Any CPU
		{B4C87FBE-CED0-45CD-BFA1-4EB3295A781C}.Debug|x64.ActiveCfg = Debug|Any CPU
		{B4C87FBE-CED0-45CD-BFA1-4EB3295A781C}.Debug|x64.Build.0 = Debug|Any CPU
		{B4C87FBE-CED0-45CD-BFA1-4EB3295A781C}.Debug|x86.ActiveCfg = Debug|Any CPU
		{B4C87FBE-CED0-45CD-BFA1-4EB3295A781C}.Debug|x86.Build.0 = Debug|Any CPU
		{B4C87FBE-CED0-45CD-BFA1-4EB3295A781C}.Release|Any CPU.ActiveCfg = Release|Any CPU
		{B4C87FBE-CED0-45CD-BFA1-4EB3295A781C}.Release|Any CPU.Build.0 = Release|Any CPU
		{B4C87FBE-CED0-45CD-BFA1-4EB3295A781C}.Release|x64.ActiveCfg = Release|Any CPU
		{B4C87FBE-CED0-45CD-BFA1-4EB3295A781C}.Release|x64.Build.0 = Release|Any CPU
		{B4C87FBE-CED0-45CD-BFA1-4EB3295A781C}.Release|x86.ActiveCfg = Release|Any CPU
		{B4C87FBE-CED0-45CD-BFA1-4EB3295A781C}.Release|x86.Build.0 = Release|Any CPU
		{5A0EB1CF-8152-4D50-A432-769E5F1815F7}.Debug|Any CPU.ActiveCfg = Debug|Any CPU
		{5A0EB1CF-8152-4D50-A432-769E5F1815F7}.Debug|Any CPU.Build.0 = Debug|Any CPU
		{5A0EB1CF-8152-4D50-A432-769E5F1815F7}.Debug|x64.ActiveCfg = Debug|Any CPU
		{5A0EB1CF-8152-4D50-A432-769E5F1815F7}.Debug|x64.Build.0 = Debug|Any CPU
		{5A0EB1CF-8152-4D50-A432-769E5F1815F7}.Debug|x86.ActiveCfg = Debug|Any CPU
		{5A0EB1CF-8152-4D50-A432-769E5F1815F7}.Debug|x86.Build.0 = Debug|Any CPU
		{5A0EB1CF-8152-4D50-A432-769E5F1815F7}.Release|Any CPU.ActiveCfg = Release|Any CPU
		{5A0EB1CF-8152-4D50-A432-769E5F1815F7}.Release|Any CPU.Build.0 = Release|Any CPU
		{5A0EB1CF-8152-4D50-A432-769E5F1815F7}.Release|x64.ActiveCfg = Release|Any CPU
		{5A0EB1CF-8152-4D50-A432-769E5F1815F7}.Release|x64.Build.0 = Release|Any CPU
		{5A0EB1CF-8152-4D50-A432-769E5F1815F7}.Release|x86.ActiveCfg = Release|Any CPU
		{5A0EB1CF-8152-4D50-A432-769E5F1815F7}.Release|x86.Build.0 = Release|Any CPU
		{5A4A1FBD-E9E3-4618-A7FB-32DC9B204DC6}.Debug|Any CPU.ActiveCfg = Debug|Any CPU
		{5A4A1FBD-E9E3-4618-A7FB-32DC9B204DC6}.Debug|Any CPU.Build.0 = Debug|Any CPU
		{5A4A1FBD-E9E3-4618-A7FB-32DC9B204DC6}.Debug|x64.ActiveCfg = Debug|Any CPU
		{5A4A1FBD-E9E3-4618-A7FB-32DC9B204DC6}.Debug|x64.Build.0 = Debug|Any CPU
		{5A4A1FBD-E9E3-4618-A7FB-32DC9B204DC6}.Debug|x86.ActiveCfg = Debug|Any CPU
		{5A4A1FBD-E9E3-4618-A7FB-32DC9B204DC6}.Debug|x86.Build.0 = Debug|Any CPU
		{5A4A1FBD-E9E3-4618-A7FB-32DC9B204DC6}.Release|Any CPU.ActiveCfg = Release|Any CPU
		{5A4A1FBD-E9E3-4618-A7FB-32DC9B204DC6}.Release|Any CPU.Build.0 = Release|Any CPU
		{5A4A1FBD-E9E3-4618-A7FB-32DC9B204DC6}.Release|x64.ActiveCfg = Release|Any CPU
		{5A4A1FBD-E9E3-4618-A7FB-32DC9B204DC6}.Release|x64.Build.0 = Release|Any CPU
		{5A4A1FBD-E9E3-4618-A7FB-32DC9B204DC6}.Release|x86.ActiveCfg = Release|Any CPU
		{5A4A1FBD-E9E3-4618-A7FB-32DC9B204DC6}.Release|x86.Build.0 = Release|Any CPU
		{2B4DACFC-58AC-4633-91BC-EB735747AF4E}.Debug|Any CPU.ActiveCfg = Debug|Any CPU
		{2B4DACFC-58AC-4633-91BC-EB735747AF4E}.Debug|Any CPU.Build.0 = Debug|Any CPU
		{2B4DACFC-58AC-4633-91BC-EB735747AF4E}.Debug|x64.ActiveCfg = Debug|Any CPU
		{2B4DACFC-58AC-4633-91BC-EB735747AF4E}.Debug|x64.Build.0 = Debug|Any CPU
		{2B4DACFC-58AC-4633-91BC-EB735747AF4E}.Debug|x86.ActiveCfg = Debug|Any CPU
		{2B4DACFC-58AC-4633-91BC-EB735747AF4E}.Debug|x86.Build.0 = Debug|Any CPU
		{2B4DACFC-58AC-4633-91BC-EB735747AF4E}.Release|Any CPU.ActiveCfg = Release|Any CPU
		{2B4DACFC-58AC-4633-91BC-EB735747AF4E}.Release|Any CPU.Build.0 = Release|Any CPU
		{2B4DACFC-58AC-4633-91BC-EB735747AF4E}.Release|x64.ActiveCfg = Release|Any CPU
		{2B4DACFC-58AC-4633-91BC-EB735747AF4E}.Release|x64.Build.0 = Release|Any CPU
		{2B4DACFC-58AC-4633-91BC-EB735747AF4E}.Release|x86.ActiveCfg = Release|Any CPU
		{2B4DACFC-58AC-4633-91BC-EB735747AF4E}.Release|x86.Build.0 = Release|Any CPU
		{EBF970BB-30CE-4EDA-BD69-9740A8B9E53D}.Debug|Any CPU.ActiveCfg = Debug|Any CPU
		{EBF970BB-30CE-4EDA-BD69-9740A8B9E53D}.Debug|Any CPU.Build.0 = Debug|Any CPU
		{EBF970BB-30CE-4EDA-BD69-9740A8B9E53D}.Debug|x64.ActiveCfg = Debug|Any CPU
		{EBF970BB-30CE-4EDA-BD69-9740A8B9E53D}.Debug|x64.Build.0 = Debug|Any CPU
		{EBF970BB-30CE-4EDA-BD69-9740A8B9E53D}.Debug|x86.ActiveCfg = Debug|Any CPU
		{EBF970BB-30CE-4EDA-BD69-9740A8B9E53D}.Debug|x86.Build.0 = Debug|Any CPU
		{EBF970BB-30CE-4EDA-BD69-9740A8B9E53D}.Release|Any CPU.ActiveCfg = Release|Any CPU
		{EBF970BB-30CE-4EDA-BD69-9740A8B9E53D}.Release|Any CPU.Build.0 = Release|Any CPU
		{EBF970BB-30CE-4EDA-BD69-9740A8B9E53D}.Release|x64.ActiveCfg = Release|Any CPU
		{EBF970BB-30CE-4EDA-BD69-9740A8B9E53D}.Release|x64.Build.0 = Release|Any CPU
		{EBF970BB-30CE-4EDA-BD69-9740A8B9E53D}.Release|x86.ActiveCfg = Release|Any CPU
		{EBF970BB-30CE-4EDA-BD69-9740A8B9E53D}.Release|x86.Build.0 = Release|Any CPU
		{C3EF4A55-8352-4927-9264-842DC7AFF1B8}.Debug|Any CPU.ActiveCfg = Debug|Any CPU
		{C3EF4A55-8352-4927-9264-842DC7AFF1B8}.Debug|Any CPU.Build.0 = Debug|Any CPU
		{C3EF4A55-8352-4927-9264-842DC7AFF1B8}.Debug|x64.ActiveCfg = Debug|Any CPU
		{C3EF4A55-8352-4927-9264-842DC7AFF1B8}.Debug|x64.Build.0 = Debug|Any CPU
		{C3EF4A55-8352-4927-9264-842DC7AFF1B8}.Debug|x86.ActiveCfg = Debug|Any CPU
		{C3EF4A55-8352-4927-9264-842DC7AFF1B8}.Debug|x86.Build.0 = Debug|Any CPU
		{C3EF4A55-8352-4927-9264-842DC7AFF1B8}.Release|Any CPU.ActiveCfg = Release|Any CPU
		{C3EF4A55-8352-4927-9264-842DC7AFF1B8}.Release|Any CPU.Build.0 = Release|Any CPU
		{C3EF4A55-8352-4927-9264-842DC7AFF1B8}.Release|x64.ActiveCfg = Release|Any CPU
		{C3EF4A55-8352-4927-9264-842DC7AFF1B8}.Release|x64.Build.0 = Release|Any CPU
		{C3EF4A55-8352-4927-9264-842DC7AFF1B8}.Release|x86.ActiveCfg = Release|Any CPU
		{C3EF4A55-8352-4927-9264-842DC7AFF1B8}.Release|x86.Build.0 = Release|Any CPU
	EndGlobalSection
	GlobalSection(SolutionProperties) = preSolution
		HideSolutionNode = FALSE
	EndGlobalSection
	GlobalSection(NestedProjects) = preSolution
		{ACF3B7B9-4902-46B4-9B98-5841C64AAD22} = {827E0CD3-B72D-47B6-A68D-7590B98EB39B}
		{B4C87FBE-CED0-45CD-BFA1-4EB3295A781C} = {827E0CD3-B72D-47B6-A68D-7590B98EB39B}
		{5A0EB1CF-8152-4D50-A432-769E5F1815F7} = {827E0CD3-B72D-47B6-A68D-7590B98EB39B}
		{5A4A1FBD-E9E3-4618-A7FB-32DC9B204DC6} = {827E0CD3-B72D-47B6-A68D-7590B98EB39B}
		{2B4DACFC-58AC-4633-91BC-EB735747AF4E} = {827E0CD3-B72D-47B6-A68D-7590B98EB39B}
		{EBF970BB-30CE-4EDA-BD69-9740A8B9E53D} = {827E0CD3-B72D-47B6-A68D-7590B98EB39B}
		{C3EF4A55-8352-4927-9264-842DC7AFF1B8} = {827E0CD3-B72D-47B6-A68D-7590B98EB39B}
	EndGlobalSection
EndGlobal
